lockVersion: 2.0.0
id: b7555d39-e162-4293-8069-53feaf1f85ff
management:
  docChecksum: db7bd8f69518c551928aef7eb16008e2
  docVersion: 0.0.1
  speakeasyVersion: internal
  generationVersion: 2.272.7
  releaseVersion: 0.54.4
  configChecksum: 4ad76655c06ee00e05399b681d996085
  repoURL: https://github.com/speakeasy-sdks/tigris-ts-sdk.git
  repoSubDirectory: .
  installationURL: https://github.com/speakeasy-sdks/tigris-ts-sdk
features:
  typescript:
    core: 3.4.8
    examples: 2.81.3
    globalSecurity: 2.82.4
    globalServerURLs: 2.82.1
    nameOverrides: 2.81.1
generatedFiles:
  - src/sdk/auth.ts
  - src/sdk/system.ts
  - src/sdk/namespace.ts
  - src/sdk/user.ts
  - src/sdk/project.ts
  - src/sdk/appkey.ts
  - src/sdk/cache.ts
  - src/sdk/database.ts
  - src/sdk/collection.ts
  - src/sdk/channel.ts
  - src/sdk/search.ts
  - src/sdk/sdk.ts
  - .eslintrc.yml
  - jest.config.js
  - package-lock.json
  - package.json
  - src/index.ts
  - src/internal/utils/contenttype.ts
  - src/internal/utils/headers.ts
  - src/internal/utils/index.ts
  - src/internal/utils/pathparams.ts
  - src/internal/utils/queryparams.ts
  - src/internal/utils/requestbody.ts
  - src/internal/utils/retries.ts
  - src/internal/utils/security.ts
  - src/internal/utils/utils.ts
  - src/sdk/index.ts
  - src/sdk/models/errors/sdkerror.ts
  - src/sdk/types/index.ts
  - src/sdk/types/rfcdate.ts
  - tsconfig.json
  - src/sdk/models/operations/authgetaccesstoken.ts
  - src/sdk/models/operations/healthapihealth.ts
  - src/sdk/models/operations/observabilitygetinfo.ts
  - src/sdk/models/operations/observabilityquotausage.ts
  - src/sdk/models/operations/observabilityquotalimits.ts
  - src/sdk/models/operations/observabilityquerytimeseriesmetrics.ts
  - src/sdk/models/operations/createnamespace.ts
  - src/sdk/models/operations/managementdescribenamespaces.ts
  - src/sdk/models/operations/managementgetnamespacemetadata.ts
  - src/sdk/models/operations/managementinsertnamespacemetadata.ts
  - src/sdk/models/operations/managementlistnamespaces.ts
  - src/sdk/models/operations/managementupdatenamespacemetadata.ts
  - src/sdk/models/operations/managementgetusermetadata.ts
  - src/sdk/models/operations/managementinsertusermetadata.ts
  - src/sdk/models/operations/managementupdateusermetadata.ts
  - src/sdk/models/operations/tigriscreateproject.ts
  - src/sdk/models/operations/tigrisdeleteproject.ts
  - src/sdk/models/operations/tigrislistprojects.ts
  - src/sdk/models/operations/tigrisdeleteappkey.ts
  - src/sdk/models/operations/tigrislistappkeys.ts
  - src/sdk/models/operations/tigrisrotateappkeysecret.ts
  - src/sdk/models/operations/tigriscreateappkey.ts
  - src/sdk/models/operations/tigrisupdateappkey.ts
  - src/sdk/models/operations/cachecreatecache.ts
  - src/sdk/models/operations/cachedeletecache.ts
  - src/sdk/models/operations/cachedel.ts
  - src/sdk/models/operations/cacheget.ts
  - src/sdk/models/operations/cachegetset.ts
  - src/sdk/models/operations/cachelistcaches.ts
  - src/sdk/models/operations/cachekeys.ts
  - src/sdk/models/operations/cacheset.ts
  - src/sdk/models/operations/tigrisbegintransaction.ts
  - src/sdk/models/operations/tigriscommittransaction.ts
  - src/sdk/models/operations/tigriscreatebranch.ts
  - src/sdk/models/operations/tigrisdeletebranch.ts
  - src/sdk/models/operations/tigrisdescribedatabase.ts
  - src/sdk/models/operations/tigrislistcollections.ts
  - src/sdk/models/operations/tigrisrollbacktransaction.ts
  - src/sdk/models/operations/tigrislistbranches.ts
  - src/sdk/models/operations/tigriscreateorupdatecollection.ts
  - src/sdk/models/operations/tigrisdelete.ts
  - src/sdk/models/operations/tigrisdescribecollection.ts
  - src/sdk/models/operations/tigrisdropcollection.ts
  - src/sdk/models/operations/tigrisimport.ts
  - src/sdk/models/operations/tigrisinsert.ts
  - src/sdk/models/operations/tigrisread.ts
  - src/sdk/models/operations/tigrisreplace.ts
  - src/sdk/models/operations/tigrissearch.ts
  - src/sdk/models/operations/tigrisupdate.ts
  - src/sdk/models/operations/realtimegetrtchannel.ts
  - src/sdk/models/operations/realtimereadmessages.ts
  - src/sdk/models/operations/realtimegetrtchannels.ts
  - src/sdk/models/operations/realtimelistsubscriptions.ts
  - src/sdk/models/operations/realtimemessages.ts
  - src/sdk/models/operations/realtimepresence.ts
  - src/sdk/models/operations/searchcreatebyid.ts
  - src/sdk/models/operations/searchcreate.ts
  - src/sdk/models/operations/searchdelete.ts
  - src/sdk/models/operations/searchdeleteindex.ts
  - src/sdk/models/operations/searchsearch.ts
  - src/sdk/models/operations/searchget.ts
  - src/sdk/models/operations/searchgetindex.ts
  - src/sdk/models/operations/searchlistindexes.ts
  - src/sdk/models/operations/searchdeletebyquery.ts
  - src/sdk/models/operations/searchcreateorreplace.ts
  - src/sdk/models/operations/searchupdate.ts
  - src/sdk/models/operations/searchcreateorupdateindex.ts
  - src/sdk/models/shared/status.ts
  - src/sdk/models/shared/error.ts
  - src/sdk/models/shared/getaccesstokenresponse.ts
  - src/sdk/models/shared/healthcheckresponse.ts
  - src/sdk/models/shared/getinforesponse.ts
  - src/sdk/models/shared/quotausageresponse.ts
  - src/sdk/models/shared/quotausagerequest.ts
  - src/sdk/models/shared/quotalimitsresponse.ts
  - src/sdk/models/shared/quotalimitsrequest.ts
  - src/sdk/models/shared/querytimeseriesmetricsresponse.ts
  - src/sdk/models/shared/metricseries.ts
  - src/sdk/models/shared/datapoint.ts
  - src/sdk/models/shared/querytimeseriesmetricsrequest.ts
  - src/sdk/models/shared/additionalfunction.ts
  - src/sdk/models/shared/rollupfunction.ts
  - src/sdk/models/shared/createnamespaceresponse.ts
  - src/sdk/models/shared/namespaceinfo.ts
  - src/sdk/models/shared/createnamespacerequest.ts
  - src/sdk/models/shared/describenamespacesresponse.ts
  - src/sdk/models/shared/describenamespacesdata.ts
  - src/sdk/models/shared/getnamespacemetadataresponse.ts
  - src/sdk/models/shared/getnamespacemetadatarequest.ts
  - src/sdk/models/shared/insertnamespacemetadataresponse.ts
  - src/sdk/models/shared/insertnamespacemetadatarequest.ts
  - src/sdk/models/shared/listnamespacesresponse.ts
  - src/sdk/models/shared/updatenamespacemetadataresponse.ts
  - src/sdk/models/shared/updatenamespacemetadatarequest.ts
  - src/sdk/models/shared/getusermetadataresponse.ts
  - src/sdk/models/shared/getusermetadatarequest.ts
  - src/sdk/models/shared/insertusermetadataresponse.ts
  - src/sdk/models/shared/insertusermetadatarequest.ts
  - src/sdk/models/shared/updateusermetadataresponse.ts
  - src/sdk/models/shared/updateusermetadatarequest.ts
  - src/sdk/models/shared/createprojectresponse.ts
  - src/sdk/models/shared/createprojectrequest.ts
  - src/sdk/models/shared/deleteprojectresponse.ts
  - src/sdk/models/shared/deleteprojectrequest.ts
  - src/sdk/models/shared/listprojectsresponse.ts
  - src/sdk/models/shared/projectinfo.ts
  - src/sdk/models/shared/projectmetadata.ts
  - src/sdk/models/shared/deleteappkeyresponse.ts
  - src/sdk/models/shared/deleteappkeyrequest.ts
  - src/sdk/models/shared/listappkeysresponse.ts
  - src/sdk/models/shared/appkey.ts
  - src/sdk/models/shared/rotateappkeyresponse.ts
  - src/sdk/models/shared/rotateappkeyrequest.ts
  - src/sdk/models/shared/createappkeyresponse.ts
  - src/sdk/models/shared/createappkeyrequest.ts
  - src/sdk/models/shared/updateappkeyresponse.ts
  - src/sdk/models/shared/updateappkeyrequest.ts
  - src/sdk/models/shared/createcacheresponse.ts
  - src/sdk/models/shared/createcacherequest.ts
  - src/sdk/models/shared/createcacheoptions.ts
  - src/sdk/models/shared/deletecacheresponse.ts
  - src/sdk/models/shared/deletecacherequest.ts
  - src/sdk/models/shared/delresponse.ts
  - src/sdk/models/shared/delrequest.ts
  - src/sdk/models/shared/getresponse.ts
  - src/sdk/models/shared/getsetresponse.ts
  - src/sdk/models/shared/getsetrequest.ts
  - src/sdk/models/shared/listcachesresponse.ts
  - src/sdk/models/shared/cachemetadata.ts
  - src/sdk/models/shared/keysresponse.ts
  - src/sdk/models/shared/setresponse.ts
  - src/sdk/models/shared/setrequest.ts
  - src/sdk/models/shared/begintransactionresponse.ts
  - src/sdk/models/shared/transactionctx.ts
  - src/sdk/models/shared/begintransactionrequest.ts
  - src/sdk/models/shared/transactionoptions.ts
  - src/sdk/models/shared/committransactionresponse.ts
  - src/sdk/models/shared/committransactionrequest.ts
  - src/sdk/models/shared/createbranchresponse.ts
  - src/sdk/models/shared/createbranchrequest.ts
  - src/sdk/models/shared/deletebranchresponse.ts
  - src/sdk/models/shared/deletebranchrequest.ts
  - src/sdk/models/shared/describedatabaseresponse.ts
  - src/sdk/models/shared/databasemetadata.ts
  - src/sdk/models/shared/collectiondescription.ts
  - src/sdk/models/shared/collectionmetadata.ts
  - src/sdk/models/shared/describedatabaserequest.ts
  - src/sdk/models/shared/listcollectionsresponse.ts
  - src/sdk/models/shared/collectioninfo.ts
  - src/sdk/models/shared/rollbacktransactionresponse.ts
  - src/sdk/models/shared/rollbacktransactionrequest.ts
  - src/sdk/models/shared/listbranchesresponse.ts
  - src/sdk/models/shared/branchinfo.ts
  - src/sdk/models/shared/branchmetadata.ts
  - src/sdk/models/shared/createorupdatecollectionresponse.ts
  - src/sdk/models/shared/createorupdatecollectionrequest.ts
  - src/sdk/models/shared/collectionoptions.ts
  - src/sdk/models/shared/deleteresponse.ts
  - src/sdk/models/shared/responsemetadata.ts
  - src/sdk/models/shared/deleterequest.ts
  - src/sdk/models/shared/deleterequestoptions.ts
  - src/sdk/models/shared/writeoptions.ts
  - src/sdk/models/shared/collation.ts
  - src/sdk/models/shared/describecollectionresponse.ts
  - src/sdk/models/shared/describecollectionrequest.ts
  - src/sdk/models/shared/dropcollectionresponse.ts
  - src/sdk/models/shared/dropcollectionrequest.ts
  - src/sdk/models/shared/importresponse.ts
  - src/sdk/models/shared/importrequest.ts
  - src/sdk/models/shared/importrequestoptions.ts
  - src/sdk/models/shared/insertresponse.ts
  - src/sdk/models/shared/insertrequest.ts
  - src/sdk/models/shared/insertrequestoptions.ts
  - src/sdk/models/shared/streamingreadresponse.ts
  - src/sdk/models/shared/readresponse.ts
  - src/sdk/models/shared/readrequest.ts
  - src/sdk/models/shared/readrequestoptions.ts
  - src/sdk/models/shared/replaceresponse.ts
  - src/sdk/models/shared/replacerequest.ts
  - src/sdk/models/shared/replacerequestoptions.ts
  - src/sdk/models/shared/streamingsearchresponse.ts
  - src/sdk/models/shared/searchresponse.ts
  - src/sdk/models/shared/searchmetadata.ts
  - src/sdk/models/shared/page.ts
  - src/sdk/models/shared/searchhit.ts
  - src/sdk/models/shared/searchhitmeta.ts
  - src/sdk/models/shared/searchfacet.ts
  - src/sdk/models/shared/facetstats.ts
  - src/sdk/models/shared/facetcount.ts
  - src/sdk/models/shared/searchrequest.ts
  - src/sdk/models/shared/updateresponse.ts
  - src/sdk/models/shared/updaterequest.ts
  - src/sdk/models/shared/updaterequestoptions.ts
  - src/sdk/models/shared/getrtchannelresponse.ts
  - src/sdk/models/shared/readmessagesresponse.ts
  - src/sdk/models/shared/message.ts
  - src/sdk/models/shared/getrtchannelsresponse.ts
  - src/sdk/models/shared/channelmetadata.ts
  - src/sdk/models/shared/listsubscriptionresponse.ts
  - src/sdk/models/shared/messagesresponse.ts
  - src/sdk/models/shared/messagesrequest.ts
  - src/sdk/models/shared/presenceresponse.ts
  - src/sdk/models/shared/createbyidresponse.ts
  - src/sdk/models/shared/createbyidrequest.ts
  - src/sdk/models/shared/createdocumentresponse.ts
  - src/sdk/models/shared/docstatus.ts
  - src/sdk/models/shared/createdocumentrequest.ts
  - src/sdk/models/shared/deletedocumentresponse.ts
  - src/sdk/models/shared/deletedocumentrequest.ts
  - src/sdk/models/shared/deleteindexresponse.ts
  - src/sdk/models/shared/deleteindexrequest.ts
  - src/sdk/models/shared/searchindexresponse.ts
  - src/sdk/models/shared/indexdoc.ts
  - src/sdk/models/shared/docmeta.ts
  - src/sdk/models/shared/searchindexrequest.ts
  - src/sdk/models/shared/getdocumentresponse.ts
  - src/sdk/models/shared/getindexresponse.ts
  - src/sdk/models/shared/indexinfo.ts
  - src/sdk/models/shared/listindexesresponse.ts
  - src/sdk/models/shared/deletebyqueryresponse.ts
  - src/sdk/models/shared/deletebyqueryrequest.ts
  - src/sdk/models/shared/createorreplacedocumentresponse.ts
  - src/sdk/models/shared/createorreplacedocumentrequest.ts
  - src/sdk/models/shared/updatedocumentresponse.ts
  - src/sdk/models/shared/updatedocumentrequest.ts
  - src/sdk/models/shared/createorupdateindexresponse.ts
  - src/sdk/models/shared/createorupdateindexrequest.ts
  - src/sdk/models/shared/security.ts
  - src/sdk/models/errors/index.ts
  - src/sdk/models/operations/index.ts
  - src/sdk/models/shared/index.ts
  - docs/sdk/models/operations/authgetaccesstokenresponse.md
  - docs/sdk/models/operations/healthapihealthresponse.md
  - docs/sdk/models/operations/observabilitygetinforesponse.md
  - docs/sdk/models/operations/observabilityquotausageresponse.md
  - docs/sdk/models/operations/observabilityquotalimitsresponse.md
  - docs/sdk/models/operations/observabilityquerytimeseriesmetricsresponse.md
  - docs/sdk/models/operations/createnamespaceresponse.md
  - docs/sdk/models/operations/managementdescribenamespacesresponse.md
  - docs/sdk/models/operations/managementgetnamespacemetadatarequest.md
  - docs/sdk/models/operations/managementgetnamespacemetadataresponse.md
  - docs/sdk/models/operations/managementinsertnamespacemetadatarequest.md
  - docs/sdk/models/operations/managementinsertnamespacemetadataresponse.md
  - docs/sdk/models/operations/managementlistnamespacesresponse.md
  - docs/sdk/models/operations/managementupdatenamespacemetadatarequest.md
  - docs/sdk/models/operations/managementupdatenamespacemetadataresponse.md
  - docs/sdk/models/operations/managementgetusermetadatarequest.md
  - docs/sdk/models/operations/managementgetusermetadataresponse.md
  - docs/sdk/models/operations/managementinsertusermetadatarequest.md
  - docs/sdk/models/operations/managementinsertusermetadataresponse.md
  - docs/sdk/models/operations/managementupdateusermetadatarequest.md
  - docs/sdk/models/operations/managementupdateusermetadataresponse.md
  - docs/sdk/models/operations/tigriscreateprojectrequest.md
  - docs/sdk/models/operations/tigriscreateprojectresponse.md
  - docs/sdk/models/operations/tigrisdeleteprojectrequest.md
  - docs/sdk/models/operations/tigrisdeleteprojectresponse.md
  - docs/sdk/models/operations/tigrislistprojectsresponse.md
  - docs/sdk/models/operations/tigrisdeleteappkeyrequest.md
  - docs/sdk/models/operations/tigrisdeleteappkeyresponse.md
  - docs/sdk/models/operations/tigrislistappkeysrequest.md
  - docs/sdk/models/operations/tigrislistappkeysresponse.md
  - docs/sdk/models/operations/tigrisrotateappkeysecretrequest.md
  - docs/sdk/models/operations/tigrisrotateappkeysecretresponse.md
  - docs/sdk/models/operations/tigriscreateappkeyrequest.md
  - docs/sdk/models/operations/tigriscreateappkeyresponse.md
  - docs/sdk/models/operations/tigrisupdateappkeyrequest.md
  - docs/sdk/models/operations/tigrisupdateappkeyresponse.md
  - docs/sdk/models/operations/cachecreatecacherequest.md
  - docs/sdk/models/operations/cachecreatecacheresponse.md
  - docs/sdk/models/operations/cachedeletecacherequest.md
  - docs/sdk/models/operations/cachedeletecacheresponse.md
  - docs/sdk/models/operations/cachedelrequest.md
  - docs/sdk/models/operations/cachedelresponse.md
  - docs/sdk/models/operations/cachegetrequest.md
  - docs/sdk/models/operations/cachegetresponse.md
  - docs/sdk/models/operations/cachegetsetrequest.md
  - docs/sdk/models/operations/cachegetsetresponse.md
  - docs/sdk/models/operations/cachelistcachesrequest.md
  - docs/sdk/models/operations/cachelistcachesresponse.md
  - docs/sdk/models/operations/cachekeysrequest.md
  - docs/sdk/models/operations/cachekeysresponse.md
  - docs/sdk/models/operations/cachesetrequest.md
  - docs/sdk/models/operations/cachesetresponse.md
  - docs/sdk/models/operations/tigrisbegintransactionrequest.md
  - docs/sdk/models/operations/tigrisbegintransactionresponse.md
  - docs/sdk/models/operations/tigriscommittransactionrequest.md
  - docs/sdk/models/operations/tigriscommittransactionresponse.md
  - docs/sdk/models/operations/tigriscreatebranchrequest.md
  - docs/sdk/models/operations/tigriscreatebranchresponse.md
  - docs/sdk/models/operations/tigrisdeletebranchrequest.md
  - docs/sdk/models/operations/tigrisdeletebranchresponse.md
  - docs/sdk/models/operations/tigrisdescribedatabaserequest.md
  - docs/sdk/models/operations/tigrisdescribedatabaseresponse.md
  - docs/sdk/models/operations/tigrislistcollectionsrequest.md
  - docs/sdk/models/operations/tigrislistcollectionsresponse.md
  - docs/sdk/models/operations/tigrisrollbacktransactionrequest.md
  - docs/sdk/models/operations/tigrisrollbacktransactionresponse.md
  - docs/sdk/models/operations/tigrislistbranchesrequest.md
  - docs/sdk/models/operations/tigrislistbranchesresponse.md
  - docs/sdk/models/operations/tigriscreateorupdatecollectionrequest.md
  - docs/sdk/models/operations/tigriscreateorupdatecollectionresponse.md
  - docs/sdk/models/operations/tigrisdeleterequest.md
  - docs/sdk/models/operations/tigrisdeleteresponse.md
  - docs/sdk/models/operations/tigrisdescribecollectionrequest.md
  - docs/sdk/models/operations/tigrisdescribecollectionresponse.md
  - docs/sdk/models/operations/tigrisdropcollectionrequest.md
  - docs/sdk/models/operations/tigrisdropcollectionresponse.md
  - docs/sdk/models/operations/tigrisimportrequest.md
  - docs/sdk/models/operations/tigrisimportresponse.md
  - docs/sdk/models/operations/tigrisinsertrequest.md
  - docs/sdk/models/operations/tigrisinsertresponse.md
  - docs/sdk/models/operations/tigrisreadrequest.md
  - docs/sdk/models/operations/tigrisreadresponse.md
  - docs/sdk/models/operations/tigrisreplacerequest.md
  - docs/sdk/models/operations/tigrisreplaceresponse.md
  - docs/sdk/models/operations/tigrissearchrequest.md
  - docs/sdk/models/operations/tigrissearchresponse.md
  - docs/sdk/models/operations/tigrisupdaterequest.md
  - docs/sdk/models/operations/tigrisupdateresponse.md
  - docs/sdk/models/operations/realtimegetrtchannelrequest.md
  - docs/sdk/models/operations/realtimegetrtchannelresponse.md
  - docs/sdk/models/operations/realtimereadmessagesrequest.md
  - docs/sdk/models/operations/realtimereadmessagesresponse.md
  - docs/sdk/models/operations/realtimegetrtchannelsrequest.md
  - docs/sdk/models/operations/realtimegetrtchannelsresponse.md
  - docs/sdk/models/operations/realtimelistsubscriptionsrequest.md
  - docs/sdk/models/operations/realtimelistsubscriptionsresponse.md
  - docs/sdk/models/operations/realtimemessagesrequest.md
  - docs/sdk/models/operations/realtimemessagesresponse.md
  - docs/sdk/models/operations/realtimepresencerequest.md
  - docs/sdk/models/operations/realtimepresenceresponse.md
  - docs/sdk/models/operations/searchcreatebyidrequest.md
  - docs/sdk/models/operations/searchcreatebyidresponse.md
  - docs/sdk/models/operations/searchcreaterequest.md
  - docs/sdk/models/operations/searchcreateresponse.md
  - docs/sdk/models/operations/searchdeleterequest.md
  - docs/sdk/models/operations/searchdeleteresponse.md
  - docs/sdk/models/operations/searchdeleteindexrequest.md
  - docs/sdk/models/operations/searchdeleteindexresponse.md
  - docs/sdk/models/operations/searchsearchrequest.md
  - docs/sdk/models/operations/searchsearchresponse.md
  - docs/sdk/models/operations/searchgetrequest.md
  - docs/sdk/models/operations/searchgetresponse.md
  - docs/sdk/models/operations/searchgetindexrequest.md
  - docs/sdk/models/operations/searchgetindexresponse.md
  - docs/sdk/models/operations/searchlistindexesrequest.md
  - docs/sdk/models/operations/searchlistindexesresponse.md
  - docs/sdk/models/operations/searchdeletebyqueryrequest.md
  - docs/sdk/models/operations/searchdeletebyqueryresponse.md
  - docs/sdk/models/operations/searchcreateorreplacerequest.md
  - docs/sdk/models/operations/searchcreateorreplaceresponse.md
  - docs/sdk/models/operations/searchupdaterequest.md
  - docs/sdk/models/operations/searchupdateresponse.md
  - docs/sdk/models/operations/searchcreateorupdateindexrequest.md
  - docs/sdk/models/operations/searchcreateorupdateindexresponse.md
  - docs/sdk/models/shared/status.md
  - docs/sdk/models/shared/code.md
  - docs/sdk/models/shared/errort.md
  - docs/sdk/models/shared/getaccesstokenresponse.md
  - docs/sdk/models/shared/healthcheckresponse.md
  - docs/sdk/models/shared/getinforesponse.md
  - docs/sdk/models/shared/quotausageresponse.md
  - docs/sdk/models/shared/quotausagerequest.md
  - docs/sdk/models/shared/quotalimitsresponse.md
  - docs/sdk/models/shared/quotalimitsrequest.md
  - docs/sdk/models/shared/querytimeseriesmetricsresponse.md
  - docs/sdk/models/shared/metricseries.md
  - docs/sdk/models/shared/datapoint.md
  - docs/sdk/models/shared/functiont.md
  - docs/sdk/models/shared/spaceaggregation.md
  - docs/sdk/models/shared/tigrisoperation.md
  - docs/sdk/models/shared/querytimeseriesmetricsrequest.md
  - docs/sdk/models/shared/additionalfunction.md
  - docs/sdk/models/shared/aggregator.md
  - docs/sdk/models/shared/rollupfunction.md
  - docs/sdk/models/shared/createnamespaceresponse.md
  - docs/sdk/models/shared/namespaceinfo.md
  - docs/sdk/models/shared/createnamespacerequest.md
  - docs/sdk/models/shared/describenamespacesresponse.md
  - docs/sdk/models/shared/describenamespacesdata.md
  - docs/sdk/models/shared/getnamespacemetadataresponsevalue.md
  - docs/sdk/models/shared/getnamespacemetadataresponse.md
  - docs/sdk/models/shared/value.md
  - docs/sdk/models/shared/getnamespacemetadatarequest.md
  - docs/sdk/models/shared/insertnamespacemetadataresponsevalue.md
  - docs/sdk/models/shared/insertnamespacemetadataresponse.md
  - docs/sdk/models/shared/insertnamespacemetadatarequestvalue.md
  - docs/sdk/models/shared/insertnamespacemetadatarequest.md
  - docs/sdk/models/shared/listnamespacesresponse.md
  - docs/sdk/models/shared/updatenamespacemetadataresponsevalue.md
  - docs/sdk/models/shared/updatenamespacemetadataresponse.md
  - docs/sdk/models/shared/updatenamespacemetadatarequestvalue.md
  - docs/sdk/models/shared/updatenamespacemetadatarequest.md
  - docs/sdk/models/shared/getusermetadataresponse.md
  - docs/sdk/models/shared/getusermetadatarequestvalue.md
  - docs/sdk/models/shared/getusermetadatarequest.md
  - docs/sdk/models/shared/insertusermetadataresponsevalue.md
  - docs/sdk/models/shared/insertusermetadataresponse.md
  - docs/sdk/models/shared/insertusermetadatarequestvalue.md
  - docs/sdk/models/shared/insertusermetadatarequest.md
  - docs/sdk/models/shared/updateusermetadataresponsevalue.md
  - docs/sdk/models/shared/updateusermetadataresponse.md
  - docs/sdk/models/shared/updateusermetadatarequestvalue.md
  - docs/sdk/models/shared/updateusermetadatarequest.md
  - docs/sdk/models/shared/createprojectresponse.md
  - docs/sdk/models/shared/createprojectrequest.md
  - docs/sdk/models/shared/deleteprojectresponse.md
  - docs/sdk/models/shared/deleteprojectrequest.md
  - docs/sdk/models/shared/listprojectsresponse.md
  - docs/sdk/models/shared/projectinfo.md
  - docs/sdk/models/shared/projectmetadata.md
  - docs/sdk/models/shared/deleteappkeyresponse.md
  - docs/sdk/models/shared/deleteappkeyrequest.md
  - docs/sdk/models/shared/listappkeysresponse.md
  - docs/sdk/models/shared/appkey.md
  - docs/sdk/models/shared/rotateappkeyresponse.md
  - docs/sdk/models/shared/rotateappkeyrequest.md
  - docs/sdk/models/shared/createappkeyresponse.md
  - docs/sdk/models/shared/createappkeyrequest.md
  - docs/sdk/models/shared/updateappkeyresponse.md
  - docs/sdk/models/shared/updateappkeyrequest.md
  - docs/sdk/models/shared/createcacheresponse.md
  - docs/sdk/models/shared/createcacherequest.md
  - docs/sdk/models/shared/createcacheoptions.md
  - docs/sdk/models/shared/deletecacheresponse.md
  - docs/sdk/models/shared/deletecacherequest.md
  - docs/sdk/models/shared/delresponse.md
  - docs/sdk/models/shared/delrequest.md
  - docs/sdk/models/shared/getresponse.md
  - docs/sdk/models/shared/getsetresponse.md
  - docs/sdk/models/shared/getsetrequest.md
  - docs/sdk/models/shared/listcachesresponse.md
  - docs/sdk/models/shared/cachemetadata.md
  - docs/sdk/models/shared/keysresponse.md
  - docs/sdk/models/shared/setresponse.md
  - docs/sdk/models/shared/setrequest.md
  - docs/sdk/models/shared/begintransactionresponse.md
  - docs/sdk/models/shared/transactionctx.md
  - docs/sdk/models/shared/begintransactionrequest.md
  - docs/sdk/models/shared/transactionoptions.md
  - docs/sdk/models/shared/committransactionresponse.md
  - docs/sdk/models/shared/committransactionrequest.md
  - docs/sdk/models/shared/createbranchresponse.md
  - docs/sdk/models/shared/createbranchrequest.md
  - docs/sdk/models/shared/deletebranchresponse.md
  - docs/sdk/models/shared/deletebranchrequest.md
  - docs/sdk/models/shared/describedatabaseresponse.md
  - docs/sdk/models/shared/databasemetadata.md
  - docs/sdk/models/shared/schema.md
  - docs/sdk/models/shared/collectiondescription.md
  - docs/sdk/models/shared/collectionmetadata.md
  - docs/sdk/models/shared/describedatabaserequest.md
  - docs/sdk/models/shared/listcollectionsresponse.md
  - docs/sdk/models/shared/collectioninfo.md
  - docs/sdk/models/shared/rollbacktransactionresponse.md
  - docs/sdk/models/shared/rollbacktransactionrequest.md
  - docs/sdk/models/shared/listbranchesresponse.md
  - docs/sdk/models/shared/branchinfo.md
  - docs/sdk/models/shared/branchmetadata.md
  - docs/sdk/models/shared/createorupdatecollectionresponse.md
  - docs/sdk/models/shared/createorupdatecollectionrequestschema.md
  - docs/sdk/models/shared/createorupdatecollectionrequest.md
  - docs/sdk/models/shared/collectionoptions.md
  - docs/sdk/models/shared/deleteresponse.md
  - docs/sdk/models/shared/responsemetadata.md
  - docs/sdk/models/shared/filter.md
  - docs/sdk/models/shared/deleterequest.md
  - docs/sdk/models/shared/deleterequestoptions.md
  - docs/sdk/models/shared/writeoptions.md
  - docs/sdk/models/shared/collation.md
  - docs/sdk/models/shared/describecollectionresponseschema.md
  - docs/sdk/models/shared/describecollectionresponse.md
  - docs/sdk/models/shared/describecollectionrequest.md
  - docs/sdk/models/shared/dropcollectionresponse.md
  - docs/sdk/models/shared/dropcollectionrequest.md
  - docs/sdk/models/shared/importresponse.md
  - docs/sdk/models/shared/documents.md
  - docs/sdk/models/shared/importrequest.md
  - docs/sdk/models/shared/importrequestoptions.md
  - docs/sdk/models/shared/insertresponse.md
  - docs/sdk/models/shared/insertrequestdocuments.md
  - docs/sdk/models/shared/insertrequest.md
  - docs/sdk/models/shared/insertrequestoptions.md
  - docs/sdk/models/shared/streamingreadresponse.md
  - docs/sdk/models/shared/data.md
  - docs/sdk/models/shared/readresponse.md
  - docs/sdk/models/shared/fields.md
  - docs/sdk/models/shared/readrequestfilter.md
  - docs/sdk/models/shared/readrequest.md
  - docs/sdk/models/shared/readrequestoptions.md
  - docs/sdk/models/shared/replaceresponse.md
  - docs/sdk/models/shared/replacerequestdocuments.md
  - docs/sdk/models/shared/replacerequest.md
  - docs/sdk/models/shared/replacerequestoptions.md
  - docs/sdk/models/shared/streamingsearchresponse.md
  - docs/sdk/models/shared/searchresponse.md
  - docs/sdk/models/shared/searchmetadata.md
  - docs/sdk/models/shared/page.md
  - docs/sdk/models/shared/searchhitdata.md
  - docs/sdk/models/shared/searchhit.md
  - docs/sdk/models/shared/searchhitmeta.md
  - docs/sdk/models/shared/searchfacet.md
  - docs/sdk/models/shared/facetstats.md
  - docs/sdk/models/shared/facetcount.md
  - docs/sdk/models/shared/facet.md
  - docs/sdk/models/shared/searchrequestfields.md
  - docs/sdk/models/shared/searchrequestfilter.md
  - docs/sdk/models/shared/sort.md
  - docs/sdk/models/shared/searchrequest.md
  - docs/sdk/models/shared/updateresponse.md
  - docs/sdk/models/shared/updaterequestfields.md
  - docs/sdk/models/shared/updaterequestfilter.md
  - docs/sdk/models/shared/updaterequest.md
  - docs/sdk/models/shared/updaterequestoptions.md
  - docs/sdk/models/shared/getrtchannelresponse.md
  - docs/sdk/models/shared/readmessagesresponse.md
  - docs/sdk/models/shared/message.md
  - docs/sdk/models/shared/getrtchannelsresponse.md
  - docs/sdk/models/shared/channelmetadata.md
  - docs/sdk/models/shared/listsubscriptionresponse.md
  - docs/sdk/models/shared/messagesresponse.md
  - docs/sdk/models/shared/messagesrequest.md
  - docs/sdk/models/shared/presenceresponse.md
  - docs/sdk/models/shared/createbyidresponse.md
  - docs/sdk/models/shared/createbyidrequest.md
  - docs/sdk/models/shared/createdocumentresponse.md
  - docs/sdk/models/shared/docstatus.md
  - docs/sdk/models/shared/createdocumentrequest.md
  - docs/sdk/models/shared/deletedocumentresponse.md
  - docs/sdk/models/shared/deletedocumentrequest.md
  - docs/sdk/models/shared/deleteindexresponse.md
  - docs/sdk/models/shared/deleteindexrequest.md
  - docs/sdk/models/shared/searchindexresponse.md
  - docs/sdk/models/shared/indexdoc.md
  - docs/sdk/models/shared/docmeta.md
  - docs/sdk/models/shared/searchindexrequest.md
  - docs/sdk/models/shared/getdocumentresponse.md
  - docs/sdk/models/shared/getindexresponse.md
  - docs/sdk/models/shared/indexinfo.md
  - docs/sdk/models/shared/listindexesresponse.md
  - docs/sdk/models/shared/deletebyqueryresponse.md
  - docs/sdk/models/shared/deletebyqueryrequest.md
  - docs/sdk/models/shared/createorreplacedocumentresponse.md
  - docs/sdk/models/shared/createorreplacedocumentrequest.md
  - docs/sdk/models/shared/updatedocumentresponse.md
  - docs/sdk/models/shared/updatedocumentrequest.md
  - docs/sdk/models/shared/createorupdateindexresponse.md
  - docs/sdk/models/shared/createorupdateindexrequest.md
  - docs/sdk/models/shared/security.md
  - docs/sdks/sdk/README.md
  - docs/sdks/auth/README.md
  - docs/sdks/system/README.md
  - docs/sdks/namespace/README.md
  - docs/sdks/user/README.md
  - docs/sdks/project/README.md
  - docs/sdks/appkey/README.md
  - docs/sdks/cache/README.md
  - docs/sdks/database/README.md
  - docs/sdks/collection/README.md
  - docs/sdks/channel/README.md
  - docs/sdks/search/README.md
  - USAGE.md
  - .gitattributes
